{
  "name": "taches-api",
  "version": "1.0.0",
  "lockfileVersion": 3,
  "requires": true,
  "packages": {
    "": {
      "name": "taches-api",
      "version": "1.0.0",
      "license": "ISC",
      "dependencies": {
        "@hono/node-server": "^2.1.0",
        "@hono/swagger-ui": "^0.6.1",
        "@hono/zod-openapi": "^1.5.1",
        "hono": "^4.13.1",
        "zod": "^4.4.3"
      }
    },
    "node_modules/@asteasolutions/zod-to-openapi": {
      "version": "8.5.0",
      "resolved": "https://registry.npmjs.org/@asteasolutions/zod-to-openapi/-/zod-to-openapi-8.5.0.tgz",
      "integrity": "sha512-SABbKiObg5dLRiTFnqiW1WWwGcg1BJfmHtT2asIBnBHg6Smy/Ms2KHc650+JI4Hw7lSkdiNebEGXpwoxfben8Q==",
      "license": "MIT",
      "dependencies": {
        "openapi3-ts": "^4.1.2"
      },
      "peerDependencies": {
        "zod": "^4.0.0"
      }
    },
    "node_modules/@hono/node-server": {
      "version": "2.1.0",
      "resolved": "https://registry.npmjs.org/@hono/node-server/-/node-server-2.1.0.tgz",
      "integrity": "sha512-XovyyCCnBzW+zKu+z/zq8hwNs4KOR5rEMAOxo2f40Q5xoOI37IMm6MIg2COOUtUApo0i6850MTBKH2u4QLGIqg==",
      "license": "MIT",
      "engines": {
        "node": ">=20"
      },
      "peerDependencies": {
        "hono": "^4"
      }
    },
    "node_modules/@hono/swagger-ui": {
      "version": "0.6.1",
      "resolved": "https://registry.npmjs.org/@hono/swagger-ui/-/swagger-ui-0.6.1.tgz",
      "integrity": "sha512-sJTvldu1GPeEPfyeLG7gRj+W4vEuD+JDi+JjJ3TJs/DvMUtBLs0KJO5yokGegWWdy5qrbdnQGekbhgNRmPmYKQ==",
      "license": "MIT",
      "peerDependencies": {
        "hono": ">=4.0.0"
      }
    },
    "node_modules/@hono/zod-openapi": {
      "version": "1.5.1",
      "resolved": "https://registry.npmjs.org/@hono/zod-openapi/-/zod-openapi-1.5.1.tgz",
      "integrity": "sha512-ZaDdEIkn6PEGjIYHXJeyByg6yhvLzI+UXn968pWtahpwcQ6HMjQYXI3zNffTl0Wl9QZ79nUnGqiN1erEIu23fA==",
      "license": "MIT",
      "dependencies": {
        "@asteasolutions/zod-to-openapi": "^8.5.0",
        "@hono/zod-validator": "^0.9.0",
        "openapi3-ts": "^4.5.0"
      },
      "engines": {
        "node": ">=16.0.0"
      },
      "peerDependencies": {
        "hono": ">=4.10.0",
        "zod": "^4.0.0"
      }
    },
    "node_modules/@hono/zod-validator": {
      "version": "0.9.0",
      "resolved": "https://registry.npmjs.org/@hono/zod-validator/-/zod-validator-0.9.0.tgz",
      "integrity": "sha512-n0ZSXmCiHVIp4Y5wlOOyZCeTd/rsawA/qW1cipB8QOYKZ9N8Tk0nZUZCXho9cu374AN4JpDNKioNKBJ/W+LBug==",
      "license": "MIT",
      "peerDependencies": {
        "hono": ">=4.11.2",
        "zod": "^3.25.0 || ^4.0.0"
      }
    },
    "node_modules/hono": {
      "version": "4.13.1",
      "resolved": "https://registry.npmjs.org/hono/-/hono-4.13.1.tgz",
      "integrity": "sha512-kdJoFVv2xmayw6cY09H7AbMJMt8Jn5jdlEdXsP7AGBdF2DIptVlKlOLKXP41yPip4/a3yQPv9gVcJYI8YY04dw==",
      "license": "MIT",
      "engines": {
        "node": ">=16.9.0"
      }
    },
    "node_modules/openapi3-ts": {
      "version": "4.6.1",
      "resolved": "https://registry.npmjs.org/openapi3-ts/-/openapi3-ts-4.6.1.tgz",
      "integrity": "sha512-XW9MOldkhoICNeXVzzmXzmOW5G73ppOEGmh7fLCqHjgfdEYCGGN+00MlVCeUZgovjjfC56j9tvtDt1zGabNjjA==",
      "license": "MIT",
      "dependencies": {
        "yaml": "^2.9.0"
      }
    },
    "node_modules/yaml": {
      "version": "2.9.0",
      "resolved": "https://registry.npmjs.org/yaml/-/yaml-2.9.0.tgz",
      "integrity": "sha512-2AvhNX3mb8zd6Zy7INTtSpl1F15HW6Wnqj0srWlkKLcpYl/gMIMJiyuGq2KeI2YFxUPjdlB+3Lc10seMLtL4cA==",
      "license": "ISC",
      "bin": {
        "yaml": "bin.mjs"
      },
      "engines": {
        "node": ">= 14.6"
      },
      "funding": {
        "url": "https://github.com/sponsors/eemeli"
      }
    },
    "node_modules/zod": {
      "version": "4.4.3",
      "resolved": "https://registry.npmjs.org/zod/-/zod-4.4.3.tgz",
      "integrity": "sha512-ytENFjIJFl2UwYglde2jchW2Hwm4GJFLDiSXWdTrJQBIN9Fcyp7n4DhxJEiWNAJMV1/BqWfW/kkg71UDcHJyTQ==",
      "license": "MIT",
      "funding": {
        "url": "https://github.com/sponsors/colinhacks"
      }
    }
  }
}
